
Microsoft Visual Studio Solution File, Format Version 12.00
# Visual Studio Version 16
VisualStudioVersion = 16.0.30002.166
MinimumVisualStudioVersion = 10.0.40219.1
Project("{FAE04EC0-301F-11D3-BF4B-00C04F79EFBC}") = "BankApplication", "BankApplication\BankApplication.csproj", "{91C422D0-55C1-4013-A5DD-DE0E44CED5C4}"
EndProject
Project("{FAE04EC0-301F-11D3-BF4B-00C04F79EFBC}") = "BankLibrary", "BankLibrary\BankLibrary.csproj", "{3DAC9443-E319-4241-8AD4-65B8A0D3F41E}"
EndProject
Global
	GlobalSection(SolutionConfigurationPlatforms) = preSolution
		Debug|Any CPU = Debug|Any CPU
		Release|Any CPU = Release|Any CPU
	EndGlobalSection
	GlobalSection(ProjectConfigurationPlatforms) = postSolution
		{91C422D0-55C1-4013-A5DD-DE0E44CED5C4}.Debug|Any CPU.ActiveCfg = Debug|Any CPU
		{91C422D0-55C1-4013-A5DD-DE0E44CED5C4}.Debug|Any CPU.Build.0 = Debug|Any CPU
		{91C422D0-55C1-4013-A5DD-DE0E44CED5C4}.Release|Any CPU.ActiveCfg = Release|Any CPU
		{91C422D0-55C1-4013-A5DD-DE0E44CED5C4}.Release|Any CPU.Build.0 = Release|Any CPU
		{3DAC9443-E319-4241-8AD4-65B8A0D3F41E}.Debug|Any CPU.ActiveCfg = Debug|Any CPU
		{3DAC9443-E319-4241-8AD4-65B8A0D3F41E}.Debug|Any CPU.Build.0 = Debug|Any CPU
		{3DAC9443-E319-4241-8AD4-65B8A0D3F41E}.Release|Any CPU.ActiveCfg = Release|Any CPU
		{3DAC9443-E319-4241-8AD4-65B8A0D3F41E}.Release|Any CPU.Build.0 = Release|Any CPU
	EndGlobalSection
	GlobalSection(SolutionProperties) = preSolution
		HideSolutionNode = FALSE
	EndGlobalSection
	GlobalSection(ExtensibilityGlobals) = postSolution
		SolutionGuid = {3E350727-6D34-442E-B6C6-699EC104C5D4}
	EndGlobalSection
EndGlobal
